// !$*UTF8*$!
{
	archiveVersion = 1;
	classes = {
	};
	objectVersion = 50;
	objects = {

/* Begin PBXBuildFile section */
		8F582113259127AC00E190B4 /* ViewModel.swift in Sources */ = {isa = PBXBuildFile; fileRef = E2977D3425911A30001C8E16 /* ViewModel.swift */; };
		8F582116259127BB00E190B4 /* Repository.swift in Sources */ = {isa = PBXBuildFile; fileRef = EBBE2FBD25910FFC005290DB /* Repository.swift */; };
		8F58211C259128C000E190B4 /* MatchesViewController.swift in Sources */ = {isa = PBXBuildFile; fileRef = 8F58211B259128C000E190B4 /* MatchesViewController.swift */; };
		E22E4CC025922BB2009DB244 /* Orientation.swift in Sources */ = {isa = PBXBuildFile; fileRef = E22E4CBF25922BB2009DB244 /* Orientation.swift */; };
		E23243C62590E49F0041C4FC /* AppDelegate.swift in Sources */ = {isa = PBXBuildFile; fileRef = E23243C52590E49F0041C4FC /* AppDelegate.swift */; };
		E23243CA2590E49F0041C4FC /* LiveViewController.swift in Sources */ = {isa = PBXBuildFile; fileRef = E23243C92590E49F0041C4FC /* LiveViewController.swift */; };
		E23243CD2590E49F0041C4FC /* Main.storyboard in Resources */ = {isa = PBXBuildFile; fileRef = E23243CB2590E49F0041C4FC /* Main.storyboard */; };
		E23243CF2590E4A00041C4FC /* Assets.xcassets in Resources */ = {isa = PBXBuildFile; fileRef = E23243CE2590E4A00041C4FC /* Assets.xcassets */; };
		E23243D22590E4A00041C4FC /* LaunchScreen.storyboard in Resources */ = {isa = PBXBuildFile; fileRef = E23243D02590E4A00041C4FC /* LaunchScreen.storyboard */; };
		E23243E52590EB7A0041C4FC /* san-spt.mp4 in Resources */ = {isa = PBXBuildFile; fileRef = E23243DC2590EB750041C4FC /* san-spt.mp4 */; };
		E23243E62590EB7A0041C4FC /* bah-sao.mp4 in Resources */ = {isa = PBXBuildFile; fileRef = E23243DD2590EB750041C4FC /* bah-sao.mp4 */; };
		E23243E72590EB7A0041C4FC /* acg-int.mp4 in Resources */ = {isa = PBXBuildFile; fileRef = E23243DE2590EB750041C4FC /* acg-int.mp4 */; };
		E23243E82590EB7A0041C4FC /* for-goi.mp4 in Resources */ = {isa = PBXBuildFile; fileRef = E23243DF2590EB750041C4FC /* for-goi.mp4 */; };
		E23243E92590EB7A0041C4FC /* cfc-cor.mp4 in Resources */ = {isa = PBXBuildFile; fileRef = E23243E02590EB760041C4FC /* cfc-cor.mp4 */; };
		E23243EA2590EB7A0041C4FC /* vas-cea.mp4 in Resources */ = {isa = PBXBuildFile; fileRef = E23243E12590EB770041C4FC /* vas-cea.mp4 */; };
		E23243EB2590EB7A0041C4FC /* flu-bgt.mp4 in Resources */ = {isa = PBXBuildFile; fileRef = E23243E22590EB780041C4FC /* flu-bgt.mp4 */; };
		E23243EC2590EB7A0041C4FC /* pal-atl.mp4 in Resources */ = {isa = PBXBuildFile; fileRef = E23243E32590EB790041C4FC /* pal-atl.mp4 */; };
		E23243ED2590EB7A0041C4FC /* cam-bot.mp4 in Resources */ = {isa = PBXBuildFile; fileRef = E23243E42590EB7A0041C4FC /* cam-bot.mp4 */; };
		E23243F72590EFCA0041C4FC /* AppDelegate.swift in Sources */ = {isa = PBXBuildFile; fileRef = E23243F62590EFCA0041C4FC /* AppDelegate.swift */; };
		E23243F92590EFCA0041C4FC /* LiveViewController.swift in Sources */ = {isa = PBXBuildFile; fileRef = E23243F82590EFCA0041C4FC /* LiveViewController.swift */; };
		E23243FC2590EFCA0041C4FC /* Main.storyboard in Resources */ = {isa = PBXBuildFile; fileRef = E23243FA2590EFCA0041C4FC /* Main.storyboard */; };
		E23243FE2590EFCB0041C4FC /* Assets.xcassets in Resources */ = {isa = PBXBuildFile; fileRef = E23243FD2590EFCB0041C4FC /* Assets.xcassets */; };
		E23244012590EFCB0041C4FC /* LaunchScreen.storyboard in Resources */ = {isa = PBXBuildFile; fileRef = E23243FF2590EFCB0041C4FC /* LaunchScreen.storyboard */; };
		E23244082590EFEA0041C4FC /* pal-atl.mp4 in Resources */ = {isa = PBXBuildFile; fileRef = E23243E32590EB790041C4FC /* pal-atl.mp4 */; };
		E23244092590EFEA0041C4FC /* acg-int.mp4 in Resources */ = {isa = PBXBuildFile; fileRef = E23243DE2590EB750041C4FC /* acg-int.mp4 */; };
		E232440A2590EFEA0041C4FC /* cam-bot.mp4 in Resources */ = {isa = PBXBuildFile; fileRef = E23243E42590EB7A0041C4FC /* cam-bot.mp4 */; };
		E232440B2590EFEA0041C4FC /* san-spt.mp4 in Resources */ = {isa = PBXBuildFile; fileRef = E23243DC2590EB750041C4FC /* san-spt.mp4 */; };
		E232440C2590EFEA0041C4FC /* cfc-cor.mp4 in Resources */ = {isa = PBXBuildFile; fileRef = E23243E02590EB760041C4FC /* cfc-cor.mp4 */; };
		E232440D2590EFEA0041C4FC /* flu-bgt.mp4 in Resources */ = {isa = PBXBuildFile; fileRef = E23243E22590EB780041C4FC /* flu-bgt.mp4 */; };
		E232440E2590EFEA0041C4FC /* bah-sao.mp4 in Resources */ = {isa = PBXBuildFile; fileRef = E23243DD2590EB750041C4FC /* bah-sao.mp4 */; };
		E232440F2590EFEA0041C4FC /* for-goi.mp4 in Resources */ = {isa = PBXBuildFile; fileRef = E23243DF2590EB750041C4FC /* for-goi.mp4 */; };
		E23244102590EFEA0041C4FC /* vas-cea.mp4 in Resources */ = {isa = PBXBuildFile; fileRef = E23243E12590EB770041C4FC /* vas-cea.mp4 */; };
		E23244252590EFFF0041C4FC /* logo-sao.png in Resources */ = {isa = PBXBuildFile; fileRef = E23244132590EFFD0041C4FC /* logo-sao.png */; };
		E23244262590EFFF0041C4FC /* logo-sao.png in Resources */ = {isa = PBXBuildFile; fileRef = E23244132590EFFD0041C4FC /* logo-sao.png */; };
		E23244272590EFFF0041C4FC /* logo-flu.png in Resources */ = {isa = PBXBuildFile; fileRef = E23244142590EFFD0041C4FC /* logo-flu.png */; };
		E23244282590EFFF0041C4FC /* logo-flu.png in Resources */ = {isa = PBXBuildFile; fileRef = E23244142590EFFD0041C4FC /* logo-flu.png */; };
		E23244292590EFFF0041C4FC /* logo-atl.png in Resources */ = {isa = PBXBuildFile; fileRef = E23244152590EFFD0041C4FC /* logo-atl.png */; };
		E232442A2590EFFF0041C4FC /* logo-atl.png in Resources */ = {isa = PBXBuildFile; fileRef = E23244152590EFFD0041C4FC /* logo-atl.png */; };
		E232442B2590EFFF0041C4FC /* logo-pal.png in Resources */ = {isa = PBXBuildFile; fileRef = E23244162590EFFD0041C4FC /* logo-pal.png */; };
		E232442C2590EFFF0041C4FC /* logo-pal.png in Resources */ = {isa = PBXBuildFile; fileRef = E23244162590EFFD0041C4FC /* logo-pal.png */; };
		E232442D2590EFFF0041C4FC /* logo-int.png in Resources */ = {isa = PBXBuildFile; fileRef = E23244172590EFFD0041C4FC /* logo-int.png */; };
		E232442E2590EFFF0041C4FC /* logo-int.png in Resources */ = {isa = PBXBuildFile; fileRef = E23244172590EFFD0041C4FC /* logo-int.png */; };
		E232442F2590EFFF0041C4FC /* logo-spt.png in Resources */ = {isa = PBXBuildFile; fileRef = E23244182590EFFD0041C4FC /* logo-spt.png */; };
		E23244302590EFFF0041C4FC /* logo-spt.png in Resources */ = {isa = PBXBuildFile; fileRef = E23244182590EFFD0041C4FC /* logo-spt.png */; };
		E23244312590EFFF0041C4FC /* logo-bot.png in Resources */ = {isa = PBXBuildFile; fileRef = E23244192590EFFE0041C4FC /* logo-bot.png */; };
		E23244322590EFFF0041C4FC /* logo-bot.png in Resources */ = {isa = PBXBuildFile; fileRef = E23244192590EFFE0041C4FC /* logo-bot.png */; };
		E23244332590EFFF0041C4FC /* logo-cea.png in Resources */ = {isa = PBXBuildFile; fileRef = E232441A2590EFFE0041C4FC /* logo-cea.png */; };
		E23244342590EFFF0041C4FC /* logo-cea.png in Resources */ = {isa = PBXBuildFile; fileRef = E232441A2590EFFE0041C4FC /* logo-cea.png */; };
		E23244352590EFFF0041C4FC /* logo-cam.png in Resources */ = {isa = PBXBuildFile; fileRef = E232441B2590EFFE0041C4FC /* logo-cam.png */; };
		E23244362590EFFF0041C4FC /* logo-cam.png in Resources */ = {isa = PBXBuildFile; fileRef = E232441B2590EFFE0041C4FC /* logo-cam.png */; };
		E23244372590EFFF0041C4FC /* logo-for.png in Resources */ = {isa = PBXBuildFile; fileRef = E232441C2590EFFE0041C4FC /* logo-for.png */; };
		E23244382590EFFF0041C4FC /* logo-for.png in Resources */ = {isa = PBXBuildFile; fileRef = E232441C2590EFFE0041C4FC /* logo-for.png */; };
		E23244392590EFFF0041C4FC /* logo-goi.png in Resources */ = {isa = PBXBuildFile; fileRef = E232441D2590EFFE0041C4FC /* logo-goi.png */; };
		E232443A2590EFFF0041C4FC /* logo-goi.png in Resources */ = {isa = PBXBuildFile; fileRef = E232441D2590EFFE0041C4FC /* logo-goi.png */; };
		E232443B2590EFFF0041C4FC /* logo-cfc.png in Resources */ = {isa = PBXBuildFile; fileRef = E232441E2590EFFE0041C4FC /* logo-cfc.png */; };
		E232443C2590EFFF0041C4FC /* logo-cfc.png in Resources */ = {isa = PBXBuildFile; fileRef = E232441E2590EFFE0041C4FC /* logo-cfc.png */; };
		E232443D2590EFFF0041C4FC /* logo-bah.png in Resources */ = {isa = PBXBuildFile; fileRef = E232441F2590EFFE0041C4FC /* logo-bah.png */; };
		E232443E2590EFFF0041C4FC /* logo-bah.png in Resources */ = {isa = PBXBuildFile; fileRef = E232441F2590EFFE0041C4FC /* logo-bah.png */; };
		E232443F2590EFFF0041C4FC /* logo-san.png in Resources */ = {isa = PBXBuildFile; fileRef = E23244202590EFFE0041C4FC /* logo-san.png */; };
		E23244402590EFFF0041C4FC /* logo-san.png in Resources */ = {isa = PBXBuildFile; fileRef = E23244202590EFFE0041C4FC /* logo-san.png */; };
		E23244412590EFFF0041C4FC /* logo-cor.png in Resources */ = {isa = PBXBuildFile; fileRef = E23244212590EFFE0041C4FC /* logo-cor.png */; };
		E23244422590EFFF0041C4FC /* logo-cor.png in Resources */ = {isa = PBXBuildFile; fileRef = E23244212590EFFE0041C4FC /* logo-cor.png */; };
		E23244432590EFFF0041C4FC /* logo-vas.png in Resources */ = {isa = PBXBuildFile; fileRef = E23244222590EFFF0041C4FC /* logo-vas.png */; };
		E23244442590EFFF0041C4FC /* logo-vas.png in Resources */ = {isa = PBXBuildFile; fileRef = E23244222590EFFF0041C4FC /* logo-vas.png */; };
		E23244452590EFFF0041C4FC /* logo-acg.png in Resources */ = {isa = PBXBuildFile; fileRef = E23244232590EFFF0041C4FC /* logo-acg.png */; };
		E23244462590EFFF0041C4FC /* logo-acg.png in Resources */ = {isa = PBXBuildFile; fileRef = E23244232590EFFF0041C4FC /* logo-acg.png */; };
		E23244472590EFFF0041C4FC /* logo-bgt.png in Resources */ = {isa = PBXBuildFile; fileRef = E23244242590EFFF0041C4FC /* logo-bgt.png */; };
		E23244482590EFFF0041C4FC /* logo-bgt.png in Resources */ = {isa = PBXBuildFile; fileRef = E23244242590EFFF0041C4FC /* logo-bgt.png */; };
		E243ABD42592847200F0DEF8 /* Info.swift in Sources */ = {isa = PBXBuildFile; fileRef = E243ABD32592847200F0DEF8 /* Info.swift */; };
		E243ABD52592847200F0DEF8 /* Info.swift in Sources */ = {isa = PBXBuildFile; fileRef = E243ABD32592847200F0DEF8 /* Info.swift */; };
		E2977D2E259118F4001C8E16 /* matches.json in Resources */ = {isa = PBXBuildFile; fileRef = E2977D2D259118F4001C8E16 /* matches.json */; };
		E2977D2F259118F4001C8E16 /* matches.json in Resources */ = {isa = PBXBuildFile; fileRef = E2977D2D259118F4001C8E16 /* matches.json */; };
		E2977D3525911A30001C8E16 /* ViewModel.swift in Sources */ = {isa = PBXBuildFile; fileRef = E2977D3425911A30001C8E16 /* ViewModel.swift */; };
		E2977D3B25911B37001C8E16 /* Match.swift in Sources */ = {isa = PBXBuildFile; fileRef = E2977D3A25911B37001C8E16 /* Match.swift */; };
		E2977D3C25911B37001C8E16 /* Match.swift in Sources */ = {isa = PBXBuildFile; fileRef = E2977D3A25911B37001C8E16 /* Match.swift */; };
		E2977D6F25913C40001C8E16 /* PlayerViewController.swift in Sources */ = {isa = PBXBuildFile; fileRef = EBBE2FD125912EA6005290DB /* PlayerViewController.swift */; };
		E2977D7A25913CC3001C8E16 /* Constants.swift in Sources */ = {isa = PBXBuildFile; fileRef = E2977D7925913CC3001C8E16 /* Constants.swift */; };
		E2977D7B25913CC3001C8E16 /* Constants.swift in Sources */ = {isa = PBXBuildFile; fileRef = E2977D7925913CC3001C8E16 /* Constants.swift */; };
		E2977D8225913D69001C8E16 /* MatchesViewController.swift in Sources */ = {isa = PBXBuildFile; fileRef = 8F58211B259128C000E190B4 /* MatchesViewController.swift */; };
		E2977DAE25915366001C8E16 /* MatchCell.xib in Resources */ = {isa = PBXBuildFile; fileRef = E2977DAC25915366001C8E16 /* MatchCell.xib */; };
		E2977DCD25916323001C8E16 /* GradientView.swift in Sources */ = {isa = PBXBuildFile; fileRef = E2977DCC25916323001C8E16 /* GradientView.swift */; };
		E2977DCE25916323001C8E16 /* GradientView.swift in Sources */ = {isa = PBXBuildFile; fileRef = E2977DCC25916323001C8E16 /* GradientView.swift */; };
		E2977DD4259163B5001C8E16 /* UIView.swift in Sources */ = {isa = PBXBuildFile; fileRef = E2977DD3259163B5001C8E16 /* UIView.swift */; };
		E2977DD5259163B5001C8E16 /* UIView.swift in Sources */ = {isa = PBXBuildFile; fileRef = E2977DD3259163B5001C8E16 /* UIView.swift */; };
		E2977DDD2591663A001C8E16 /* BorderView.swift in Sources */ = {isa = PBXBuildFile; fileRef = E2977DDC2591663A001C8E16 /* BorderView.swift */; };
		E2977DDE2591663A001C8E16 /* BorderView.swift in Sources */ = {isa = PBXBuildFile; fileRef = E2977DDC2591663A001C8E16 /* BorderView.swift */; };
		E2977DF325918785001C8E16 /* FullscreenViewController.swift in Sources */ = {isa = PBXBuildFile; fileRef = E2977DF225918785001C8E16 /* FullscreenViewController.swift */; };
		EB6A9F2025922453006A940B /* MatchCell.swift in Sources */ = {isa = PBXBuildFile; fileRef = EB6A9F1E25922453006A940B /* MatchCell.swift */; };
		EB6A9F2125922453006A940B /* MatchCell.xib in Resources */ = {isa = PBXBuildFile; fileRef = EB6A9F1F25922453006A940B /* MatchCell.xib */; };
		EB6A9F2A25923579006A940B /* TVUIKit.framework in Frameworks */ = {isa = PBXBuildFile; fileRef = EB6A9F2925923579006A940B /* TVUIKit.framework */; };
		EB982AE825924FC40026B94B /* MatchCell.swift in Sources */ = {isa = PBXBuildFile; fileRef = EB6A9F1E25922453006A940B /* MatchCell.swift */; };
		EBBE2FBE25910FFC005290DB /* Repository.swift in Sources */ = {isa = PBXBuildFile; fileRef = EBBE2FBD25910FFC005290DB /* Repository.swift */; };
		EBBE2FD225912EA6005290DB /* PlayerViewController.swift in Sources */ = {isa = PBXBuildFile; fileRef = EBBE2FD125912EA6005290DB /* PlayerViewController.swift */; };
/* End PBXBuildFile section */

/* Begin PBXFileReference section */
		8F58211B259128C000E190B4 /* MatchesViewController.swift */ = {isa = PBXFileReference; lastKnownFileType = sourcecode.swift; path = MatchesViewController.swift; sourceTree = "<group>"; };
		E22E4CBF25922BB2009DB244 /* Orientation.swift */ = {isa = PBXFileReference; lastKnownFileType = sourcecode.swift; path = Orientation.swift; sourceTree = "<group>"; };
		E23243C22590E49F0041C4FC /* techday.app */ = {isa = PBXFileReference; explicitFileType = wrapper.application; includeInIndex = 0; path = techday.app; sourceTree = BUILT_PRODUCTS_DIR; };
		E23243C52590E49F0041C4FC /* AppDelegate.swift */ = {isa = PBXFileReference; lastKnownFileType = sourcecode.swift; path = AppDelegate.swift; sourceTree = "<group>"; };
		E23243C92590E49F0041C4FC /* LiveViewController.swift */ = {isa = PBXFileReference; lastKnownFileType = sourcecode.swift; path = LiveViewController.swift; sourceTree = "<group>"; };
		E23243CC2590E49F0041C4FC /* Base */ = {isa = PBXFileReference; lastKnownFileType = file.storyboard; name = Base; path = Base.lproj/Main.storyboard; sourceTree = "<group>"; };
		E23243CE2590E4A00041C4FC /* Assets.xcassets */ = {isa = PBXFileReference; lastKnownFileType = folder.assetcatalog; path = Assets.xcassets; sourceTree = "<group>"; };
		E23243D12590E4A00041C4FC /* Base */ = {isa = PBXFileReference; lastKnownFileType = file.storyboard; name = Base; path = Base.lproj/LaunchScreen.storyboard; sourceTree = "<group>"; };
		E23243D32590E4A00041C4FC /* Info.plist */ = {isa = PBXFileReference; lastKnownFileType = text.plist.xml; path = Info.plist; sourceTree = "<group>"; };
		E23243DC2590EB750041C4FC /* san-spt.mp4 */ = {isa = PBXFileReference; lastKnownFileType = file; path = "san-spt.mp4"; sourceTree = "<group>"; };
		E23243DD2590EB750041C4FC /* bah-sao.mp4 */ = {isa = PBXFileReference; lastKnownFileType = file; path = "bah-sao.mp4"; sourceTree = "<group>"; };
		E23243DE2590EB750041C4FC /* acg-int.mp4 */ = {isa = PBXFileReference; lastKnownFileType = file; path = "acg-int.mp4"; sourceTree = "<group>"; };
		E23243DF2590EB750041C4FC /* for-goi.mp4 */ = {isa = PBXFileReference; lastKnownFileType = file; path = "for-goi.mp4"; sourceTree = "<group>"; };
		E23243E02590EB760041C4FC /* cfc-cor.mp4 */ = {isa = PBXFileReference; lastKnownFileType = file; path = "cfc-cor.mp4"; sourceTree = "<group>"; };
		E23243E12590EB770041C4FC /* vas-cea.mp4 */ = {isa = PBXFileReference; lastKnownFileType = file; path = "vas-cea.mp4"; sourceTree = "<group>"; };
		E23243E22590EB780041C4FC /* flu-bgt.mp4 */ = {isa = PBXFileReference; lastKnownFileType = file; path = "flu-bgt.mp4"; sourceTree = "<group>"; };
		E23243E32590EB790041C4FC /* pal-atl.mp4 */ = {isa = PBXFileReference; lastKnownFileType = file; path = "pal-atl.mp4"; sourceTree = "<group>"; };
		E23243E42590EB7A0041C4FC /* cam-bot.mp4 */ = {isa = PBXFileReference; lastKnownFileType = file; path = "cam-bot.mp4"; sourceTree = "<group>"; };
		E23243F42590EFCA0041C4FC /* techday-tvOS.app */ = {isa = PBXFileReference; explicitFileType = wrapper.application; includeInIndex = 0; path = "techday-tvOS.app"; sourceTree = BUILT_PRODUCTS_DIR; };
		E23243F62590EFCA0041C4FC /* AppDelegate.swift */ = {isa = PBXFileReference; lastKnownFileType = sourcecode.swift; path = AppDelegate.swift; sourceTree = "<group>"; };
		E23243F82590EFCA0041C4FC /* LiveViewController.swift */ = {isa = PBXFileReference; lastKnownFileType = sourcecode.swift; path = LiveViewController.swift; sourceTree = "<group>"; };
		E23243FB2590EFCA0041C4FC /* Base */ = {isa = PBXFileReference; lastKnownFileType = file.storyboard; name = Base; path = Base.lproj/Main.storyboard; sourceTree = "<group>"; };
		E23243FD2590EFCB0041C4FC /* Assets.xcassets */ = {isa = PBXFileReference; lastKnownFileType = folder.assetcatalog; path = Assets.xcassets; sourceTree = "<group>"; };
		E23244002590EFCB0041C4FC /* Base */ = {isa = PBXFileReference; lastKnownFileType = file.storyboard; name = Base; path = Base.lproj/LaunchScreen.storyboard; sourceTree = "<group>"; };
		E23244022590EFCB0041C4FC /* Info.plist */ = {isa = PBXFileReference; lastKnownFileType = text.plist.xml; path = Info.plist; sourceTree = "<group>"; };
		E23244132590EFFD0041C4FC /* logo-sao.png */ = {isa = PBXFileReference; lastKnownFileType = image.png; path = "logo-sao.png"; sourceTree = "<group>"; };
		E23244142590EFFD0041C4FC /* logo-flu.png */ = {isa = PBXFileReference; lastKnownFileType = image.png; path = "logo-flu.png"; sourceTree = "<group>"; };
		E23244152590EFFD0041C4FC /* logo-atl.png */ = {isa = PBXFileReference; lastKnownFileType = image.png; path = "logo-atl.png"; sourceTree = "<group>"; };
		E23244162590EFFD0041C4FC /* logo-pal.png */ = {isa = PBXFileReference; lastKnownFileType = image.png; path = "logo-pal.png"; sourceTree = "<group>"; };
		E23244172590EFFD0041C4FC /* logo-int.png */ = {isa = PBXFileReference; lastKnownFileType = image.png; path = "logo-int.png"; sourceTree = "<group>"; };
		E23244182590EFFD0041C4FC /* logo-spt.png */ = {isa = PBXFileReference; lastKnownFileType = image.png; path = "logo-spt.png"; sourceTree = "<group>"; };
		E23244192590EFFE0041C4FC /* logo-bot.png */ = {isa = PBXFileReference; lastKnownFileType = image.png; path = "logo-bot.png"; sourceTree = "<group>"; };
		E232441A2590EFFE0041C4FC /* logo-cea.png */ = {isa = PBXFileReference; lastKnownFileType = image.png; path = "logo-cea.png"; sourceTree = "<group>"; };
		E232441B2590EFFE0041C4FC /* logo-cam.png */ = {isa = PBXFileReference; lastKnownFileType = image.png; path = "logo-cam.png"; sourceTree = "<group>"; };
		E232441C2590EFFE0041C4FC /* logo-for.png */ = {isa = PBXFileReference; lastKnownFileType = image.png; path = "logo-for.png"; sourceTree = "<group>"; };
		E232441D2590EFFE0041C4FC /* logo-goi.png */ = {isa = PBXFileReference; lastKnownFileType = image.png; path = "logo-goi.png"; sourceTree = "<group>"; };
		E232441E2590EFFE0041C4FC /* logo-cfc.png */ = {isa = PBXFileReference; lastKnownFileType = image.png; path = "logo-cfc.png"; sourceTree = "<group>"; };
		E232441F2590EFFE0041C4FC /* logo-bah.png */ = {isa = PBXFileReference; lastKnownFileType = image.png; path = "logo-bah.png"; sourceTree = "<group>"; };
		E23244202590EFFE0041C4FC /* logo-san.png */ = {isa = PBXFileReference; lastKnownFileType = image.png; path = "logo-san.png"; sourceTree = "<group>"; };
		E23244212590EFFE0041C4FC /* logo-cor.png */ = {isa = PBXFileReference; lastKnownFileType = image.png; path = "logo-cor.png"; sourceTree = "<group>"; };
		E23244222590EFFF0041C4FC /* logo-vas.png */ = {isa = PBXFileReference; lastKnownFileType = image.png; path = "logo-vas.png"; sourceTree = "<group>"; };
		E23244232590EFFF0041C4FC /* logo-acg.png */ = {isa = PBXFileReference; lastKnownFileType = image.png; path = "logo-acg.png"; sourceTree = "<group>"; };
		E23244242590EFFF0041C4FC /* logo-bgt.png */ = {isa = PBXFileReference; lastKnownFileType = image.png; path = "logo-bgt.png"; sourceTree = "<group>"; };
		E243ABD32592847200F0DEF8 /* Info.swift */ = {isa = PBXFileReference; lastKnownFileType = sourcecode.swift; path = Info.swift; sourceTree = "<group>"; };
		E2977D2D259118F4001C8E16 /* matches.json */ = {isa = PBXFileReference; fileEncoding = 4; lastKnownFileType = text.json; path = matches.json; sourceTree = "<group>"; };
		E2977D3425911A30001C8E16 /* ViewModel.swift */ = {isa = PBXFileReference; lastKnownFileType = sourcecode.swift; path = ViewModel.swift; sourceTree = "<group>"; };
		E2977D3A25911B37001C8E16 /* Match.swift */ = {isa = PBXFileReference; lastKnownFileType = sourcecode.swift; path = Match.swift; sourceTree = "<group>"; };
		E2977D7925913CC3001C8E16 /* Constants.swift */ = {isa = PBXFileReference; lastKnownFileType = sourcecode.swift; path = Constants.swift; sourceTree = "<group>"; };
		E2977DAC25915366001C8E16 /* MatchCell.xib */ = {isa = PBXFileReference; fileEncoding = 4; lastKnownFileType = file.xib; path = MatchCell.xib; sourceTree = "<group>"; };
		E2977DCC25916323001C8E16 /* GradientView.swift */ = {isa = PBXFileReference; lastKnownFileType = sourcecode.swift; path = GradientView.swift; sourceTree = "<group>"; };
		E2977DD3259163B5001C8E16 /* UIView.swift */ = {isa = PBXFileReference; lastKnownFileType = sourcecode.swift; path = UIView.swift; sourceTree = "<group>"; };
		E2977DDC2591663A001C8E16 /* BorderView.swift */ = {isa = PBXFileReference; lastKnownFileType = sourcecode.swift; path = BorderView.swift; sourceTree = "<group>"; };
		E2977DF225918785001C8E16 /* FullscreenViewController.swift */ = {isa = PBXFileReference; lastKnownFileType = sourcecode.swift; path = FullscreenViewController.swift; sourceTree = "<group>"; };
		EB6A9F1E25922453006A940B /* MatchCell.swift */ = {isa = PBXFileReference; lastKnownFileType = sourcecode.swift; path = MatchCell.swift; sourceTree = "<group>"; };
		EB6A9F1F25922453006A940B /* MatchCell.xib */ = {isa = PBXFileReference; lastKnownFileType = file.xib; path = MatchCell.xib; sourceTree = "<group>"; };
		EB6A9F2925923579006A940B /* TVUIKit.framework */ = {isa = PBXFileReference; lastKnownFileType = wrapper.framework; name = TVUIKit.framework; path = Platforms/AppleTVOS.platform/Developer/SDKs/AppleTVOS14.3.sdk/System/Library/Frameworks/TVUIKit.framework; sourceTree = DEVELOPER_DIR; };
		EBBE2FBD25910FFC005290DB /* Repository.swift */ = {isa = PBXFileReference; lastKnownFileType = sourcecode.swift; path = Repository.swift; sourceTree = "<group>"; };
		EBBE2FD125912EA6005290DB /* PlayerViewController.swift */ = {isa = PBXFileReference; lastKnownFileType = sourcecode.swift; path = PlayerViewController.swift; sourceTree = "<group>"; };
/* End PBXFileReference section */

/* Begin PBXFrameworksBuildPhase section */
		E23243BF2590E49F0041C4FC /* Frameworks */ = {
			isa = PBXFrameworksBuildPhase;
			buildActionMask = 2147483647;
			files = (
			);
			runOnlyForDeploymentPostprocessing = 0;
		};
		E23243F12590EFCA0041C4FC /* Frameworks */ = {
			isa = PBXFrameworksBuildPhase;
			buildActionMask = 2147483647;
			files = (
				EB6A9F2A25923579006A940B /* TVUIKit.framework in Frameworks */,
			);
			runOnlyForDeploymentPostprocessing = 0;
		};
/* End PBXFrameworksBuildPhase section */

/* Begin PBXGroup section */
		E23243B92590E49F0041C4FC = {
			isa = PBXGroup;
			children = (
				E23243C42590E49F0041C4FC /* techday */,
				E23243F52590EFCA0041C4FC /* techday-tvOS */,
				EBBE2FB725910679005290DB /* shared */,
				E23243C32590E49F0041C4FC /* Products */,
				EB6A9F2825923579006A940B /* Frameworks */,
			);
			sourceTree = "<group>";
		};
		E23243C32590E49F0041C4FC /* Products */ = {
			isa = PBXGroup;
			children = (
				E23243C22590E49F0041C4FC /* techday.app */,
				E23243F42590EFCA0041C4FC /* techday-tvOS.app */,
			);
			name = Products;
			sourceTree = "<group>";
		};
		E23243C42590E49F0041C4FC /* techday */ = {
			isa = PBXGroup;
			children = (
				E23243C52590E49F0041C4FC /* AppDelegate.swift */,
				E23243C92590E49F0041C4FC /* LiveViewController.swift */,
				E2977DF225918785001C8E16 /* FullscreenViewController.swift */,
				E22E4CBF25922BB2009DB244 /* Orientation.swift */,
				E2977DAC25915366001C8E16 /* MatchCell.xib */,
				E23243CB2590E49F0041C4FC /* Main.storyboard */,
				E23243CE2590E4A00041C4FC /* Assets.xcassets */,
				E23243D02590E4A00041C4FC /* LaunchScreen.storyboard */,
				E23243D32590E4A00041C4FC /* Info.plist */,
			);
			path = techday;
			sourceTree = "<group>";
		};
		E23243DA2590EA9D0041C4FC /* resources */ = {
			isa = PBXGroup;
			children = (
				E2977D2C259118E7001C8E16 /* mocks */,
				E23243EF2590EF710041C4FC /* logos */,
				E23243DB2590EAB90041C4FC /* videos */,
			);
			path = resources;
			sourceTree = "<group>";
		};
		E23243DB2590EAB90041C4FC /* videos */ = {
			isa = PBXGroup;
			children = (
				E23243DE2590EB750041C4FC /* acg-int.mp4 */,
				E23243DD2590EB750041C4FC /* bah-sao.mp4 */,
				E23243E42590EB7A0041C4FC /* cam-bot.mp4 */,
				E23243E02590EB760041C4FC /* cfc-cor.mp4 */,
				E23243E22590EB780041C4FC /* flu-bgt.mp4 */,
				E23243DF2590EB750041C4FC /* for-goi.mp4 */,
				E23243E32590EB790041C4FC /* pal-atl.mp4 */,
				E23243DC2590EB750041C4FC /* san-spt.mp4 */,
				E23243E12590EB770041C4FC /* vas-cea.mp4 */,
			);
			path = videos;
			sourceTree = "<group>";
		};
		E23243EF2590EF710041C4FC /* logos */ = {
			isa = PBXGroup;
			children = (
				E23244232590EFFF0041C4FC /* logo-acg.png */,
				E23244152590EFFD0041C4FC /* logo-atl.png */,
				E232441F2590EFFE0041C4FC /* logo-bah.png */,
				E23244242590EFFF0041C4FC /* logo-bgt.png */,
				E23244192590EFFE0041C4FC /* logo-bot.png */,
				E232441B2590EFFE0041C4FC /* logo-cam.png */,
				E232441A2590EFFE0041C4FC /* logo-cea.png */,
				E232441E2590EFFE0041C4FC /* logo-cfc.png */,
				E23244212590EFFE0041C4FC /* logo-cor.png */,
				E23244142590EFFD0041C4FC /* logo-flu.png */,
				E232441C2590EFFE0041C4FC /* logo-for.png */,
				E232441D2590EFFE0041C4FC /* logo-goi.png */,
				E23244172590EFFD0041C4FC /* logo-int.png */,
				E23244162590EFFD0041C4FC /* logo-pal.png */,
				E23244202590EFFE0041C4FC /* logo-san.png */,
				E23244132590EFFD0041C4FC /* logo-sao.png */,
				E23244182590EFFD0041C4FC /* logo-spt.png */,
				E23244222590EFFF0041C4FC /* logo-vas.png */,
			);
			path = logos;
			sourceTree = "<group>";
		};
		E23243F52590EFCA0041C4FC /* techday-tvOS */ = {
			isa = PBXGroup;
			children = (
				E23243F62590EFCA0041C4FC /* AppDelegate.swift */,
				E23243F82590EFCA0041C4FC /* LiveViewController.swift */,
				EB6A9F1F25922453006A940B /* MatchCell.xib */,
				E23243FA2590EFCA0041C4FC /* Main.storyboard */,
				E23243FD2590EFCB0041C4FC /* Assets.xcassets */,
				E23243FF2590EFCB0041C4FC /* LaunchScreen.storyboard */,
				E23244022590EFCB0041C4FC /* Info.plist */,
			);
			path = "techday-tvOS";
			sourceTree = "<group>";
		};
		E2977D2C259118E7001C8E16 /* mocks */ = {
			isa = PBXGroup;
			children = (
				E2977D2D259118F4001C8E16 /* matches.json */,
			);
			path = mocks;
			sourceTree = "<group>";
		};
		E2977D3925911B2C001C8E16 /* entities */ = {
			isa = PBXGroup;
			children = (
				E2977D3A25911B37001C8E16 /* Match.swift */,
				E243ABD32592847200F0DEF8 /* Info.swift */,
			);
			path = entities;
			sourceTree = "<group>";
		};
		E2977D6E25913C31001C8E16 /* views */ = {
			isa = PBXGroup;
			children = (
				EBBE2FD125912EA6005290DB /* PlayerViewController.swift */,
				8F58211B259128C000E190B4 /* MatchesViewController.swift */,
				EB6A9F1E25922453006A940B /* MatchCell.swift */,
			);
			path = views;
			sourceTree = "<group>";
		};
		E2977DE7259174F0001C8E16 /* extensions */ = {
			isa = PBXGroup;
			children = (
				E2977DD3259163B5001C8E16 /* UIView.swift */,
				E2977DDC2591663A001C8E16 /* BorderView.swift */,
				E2977DCC25916323001C8E16 /* GradientView.swift */,
			);
			path = extensions;
			sourceTree = "<group>";
		};
		EB6A9F2825923579006A940B /* Frameworks */ = {
			isa = PBXGroup;
			children = (
				EB6A9F2925923579006A940B /* TVUIKit.framework */,
			);
			name = Frameworks;
			sourceTree = "<group>";
		};
		EBBE2FB725910679005290DB /* shared */ = {
			isa = PBXGroup;
			children = (
				E23243DA2590EA9D0041C4FC /* resources */,
				EBBE2FB8259106A0005290DB /* code */,
			);
			path = shared;
			sourceTree = "<group>";
		};
		EBBE2FB8259106A0005290DB /* code */ = {
			isa = PBXGroup;
			children = (
				EBBE2FBC25910FD2005290DB /* data */,
				E2977D3925911B2C001C8E16 /* entities */,
				E2977DE7259174F0001C8E16 /* extensions */,
				E2977D6E25913C31001C8E16 /* views */,
			);
			path = code;
			sourceTree = "<group>";
		};
		EBBE2FBC25910FD2005290DB /* data */ = {
			isa = PBXGroup;
			children = (
				E2977D7925913CC3001C8E16 /* Constants.swift */,
				EBBE2FBD25910FFC005290DB /* Repository.swift */,
				E2977D3425911A30001C8E16 /* ViewModel.swift */,
			);
			path = data;
			sourceTree = "<group>";
		};
/* End PBXGroup section */

/* Begin PBXNativeTarget section */
		E23243C12590E49F0041C4FC /* techday */ = {
			isa = PBXNativeTarget;
			buildConfigurationList = E23243D62590E4A00041C4FC /* Build configuration list for PBXNativeTarget "techday" */;
			buildPhases = (
				E23243BE2590E49F0041C4FC /* Sources */,
				E23243BF2590E49F0041C4FC /* Frameworks */,
				E23243C02590E49F0041C4FC /* Resources */,
			);
			buildRules = (
			);
			dependencies = (
			);
			name = techday;
			productName = techday;
			productReference = E23243C22590E49F0041C4FC /* techday.app */;
			productType = "com.apple.product-type.application";
		};
		E23243F32590EFCA0041C4FC /* techday-tvOS */ = {
			isa = PBXNativeTarget;
			buildConfigurationList = E23244032590EFCB0041C4FC /* Build configuration list for PBXNativeTarget "techday-tvOS" */;
			buildPhases = (
				E23243F02590EFCA0041C4FC /* Sources */,
				E23243F12590EFCA0041C4FC /* Frameworks */,
				E23243F22590EFCA0041C4FC /* Resources */,
			);
			buildRules = (
			);
			dependencies = (
			);
			name = "techday-tvOS";
			productName = "techday-tvOS";
			productReference = E23243F42590EFCA0041C4FC /* techday-tvOS.app */;
			productType = "com.apple.product-type.application";
		};
/* End PBXNativeTarget section */

/* Begin PBXProject section */
		E23243BA2590E49F0041C4FC /* Project object */ = {
			isa = PBXProject;
			attributes = {
				LastSwiftUpdateCheck = 1220;
				LastUpgradeCheck = 1220;
				TargetAttributes = {
					E23243C12590E49F0041C4FC = {
						CreatedOnToolsVersion = 12.2;
					};
					E23243F32590EFCA0041C4FC = {
						CreatedOnToolsVersion = 12.2;
					};
				};
			};
			buildConfigurationList = E23243BD2590E49F0041C4FC /* Build configuration list for PBXProject "techday" */;
			compatibilityVersion = "Xcode 9.3";
			developmentRegion = en;
			hasScannedForEncodings = 0;
			knownRegions = (
				en,
				Base,
			);
			mainGroup = E23243B92590E49F0041C4FC;
			productRefGroup = E23243C32590E49F0041C4FC /* Products */;
			projectDirPath = "";
			projectRoot = "";
			targets = (
				E23243C12590E49F0041C4FC /* techday */,
				E23243F32590EFCA0041C4FC /* techday-tvOS */,
			);
		};
/* End PBXProject section */

/* Begin PBXResourcesBuildPhase section */
		E23243C02590E49F0041C4FC /* Resources */ = {
			isa = PBXResourcesBuildPhase;
			buildActionMask = 2147483647;
			files = (
				E23243E82590EB7A0041C4FC /* for-goi.mp4 in Resources */,
				E23243E62590EB7A0041C4FC /* bah-sao.mp4 in Resources */,
				E23244272590EFFF0041C4FC /* logo-flu.png in Resources */,
				E23243EA2590EB7A0041C4FC /* vas-cea.mp4 in Resources */,
				E23243E52590EB7A0041C4FC /* san-spt.mp4 in Resources */,
				E23243D22590E4A00041C4FC /* LaunchScreen.storyboard in Resources */,
				E23244472590EFFF0041C4FC /* logo-bgt.png in Resources */,
				E23244332590EFFF0041C4FC /* logo-cea.png in Resources */,
				E232442F2590EFFF0041C4FC /* logo-spt.png in Resources */,
				E23244292590EFFF0041C4FC /* logo-atl.png in Resources */,
				E232443B2590EFFF0041C4FC /* logo-cfc.png in Resources */,
				E2977DAE25915366001C8E16 /* MatchCell.xib in Resources */,
				E23244312590EFFF0041C4FC /* logo-bot.png in Resources */,
				E23244392590EFFF0041C4FC /* logo-goi.png in Resources */,
				E23244372590EFFF0041C4FC /* logo-for.png in Resources */,
				E23243EB2590EB7A0041C4FC /* flu-bgt.mp4 in Resources */,
				E23243CF2590E4A00041C4FC /* Assets.xcassets in Resources */,
				E23244412590EFFF0041C4FC /* logo-cor.png in Resources */,
				E23244252590EFFF0041C4FC /* logo-sao.png in Resources */,
				E232443D2590EFFF0041C4FC /* logo-bah.png in Resources */,
				E232442B2590EFFF0041C4FC /* logo-pal.png in Resources */,
				E23243CD2590E49F0041C4FC /* Main.storyboard in Resources */,
				E232443F2590EFFF0041C4FC /* logo-san.png in Resources */,
				E23244352590EFFF0041C4FC /* logo-cam.png in Resources */,
				E23244452590EFFF0041C4FC /* logo-acg.png in Resources */,
				E232442D2590EFFF0041C4FC /* logo-int.png in Resources */,
				E23244432590EFFF0041C4FC /* logo-vas.png in Resources */,
				E23243E72590EB7A0041C4FC /* acg-int.mp4 in Resources */,
				E2977D2E259118F4001C8E16 /* matches.json in Resources */,
				E23243ED2590EB7A0041C4FC /* cam-bot.mp4 in Resources */,
				E23243E92590EB7A0041C4FC /* cfc-cor.mp4 in Resources */,
				E23243EC2590EB7A0041C4FC /* pal-atl.mp4 in Resources */,
			);
			runOnlyForDeploymentPostprocessing = 0;
		};
		E23243F22590EFCA0041C4FC /* Resources */ = {
			isa = PBXResourcesBuildPhase;
			buildActionMask = 2147483647;
			files = (
				E23244012590EFCB0041C4FC /* LaunchScreen.storyboard in Resources */,
				E23244092590EFEA0041C4FC /* acg-int.mp4 in Resources */,
				E23244282590EFFF0041C4FC /* logo-flu.png in Resources */,
				E23244102590EFEA0041C4FC /* vas-cea.mp4 in Resources */,
				E23244082590EFEA0041C4FC /* pal-atl.mp4 in Resources */,
				E232440B2590EFEA0041C4FC /* san-spt.mp4 in Resources */,
				E23244482590EFFF0041C4FC /* logo-bgt.png in Resources */,
				E23244342590EFFF0041C4FC /* logo-cea.png in Resources */,
				E23244302590EFFF0041C4FC /* logo-spt.png in Resources */,
				E232442A2590EFFF0041C4FC /* logo-atl.png in Resources */,
				E232443C2590EFFF0041C4FC /* logo-cfc.png in Resources */,
				EB6A9F2125922453006A940B /* MatchCell.xib in Resources */,
				E23244322590EFFF0041C4FC /* logo-bot.png in Resources */,
				E232443A2590EFFF0041C4FC /* logo-goi.png in Resources */,
				E23244382590EFFF0041C4FC /* logo-for.png in Resources */,
				E232440A2590EFEA0041C4FC /* cam-bot.mp4 in Resources */,
				E232440E2590EFEA0041C4FC /* bah-sao.mp4 in Resources */,
				E23244422590EFFF0041C4FC /* logo-cor.png in Resources */,
				E23244262590EFFF0041C4FC /* logo-sao.png in Resources */,
				E232443E2590EFFF0041C4FC /* logo-bah.png in Resources */,
				E232442C2590EFFF0041C4FC /* logo-pal.png in Resources */,
				E232440D2590EFEA0041C4FC /* flu-bgt.mp4 in Resources */,
				E23244402590EFFF0041C4FC /* logo-san.png in Resources */,
				E23244362590EFFF0041C4FC /* logo-cam.png in Resources */,
				E23244462590EFFF0041C4FC /* logo-acg.png in Resources */,
				E232442E2590EFFF0041C4FC /* logo-int.png in Resources */,
				E23244442590EFFF0041C4FC /* logo-vas.png in Resources */,
				E23243FE2590EFCB0041C4FC /* Assets.xcassets in Resources */,
				E2977D2F259118F4001C8E16 /* matches.json in Resources */,
				E23243FC2590EFCA0041C4FC /* Main.storyboard in Resources */,
				E232440C2590EFEA0041C4FC /* cfc-cor.mp4 in Resources */,
				E232440F2590EFEA0041C4FC /* for-goi.mp4 in Resources */,
			);
			runOnlyForDeploymentPostprocessing = 0;
		};
/* End PBXResourcesBuildPhase section */

/* Begin PBXSourcesBuildPhase section */
		E23243BE2590E49F0041C4FC /* Sources */ = {
			isa = PBXSourcesBuildPhase;
			buildActionMask = 2147483647;
			files = (
				E2977D3525911A30001C8E16 /* ViewModel.swift in Sources */,
				E2977DD4259163B5001C8E16 /* UIView.swift in Sources */,
				E2977DCD25916323001C8E16 /* GradientView.swift in Sources */,
				E243ABD42592847200F0DEF8 /* Info.swift in Sources */,
				E2977DDD2591663A001C8E16 /* BorderView.swift in Sources */,
				E23243CA2590E49F0041C4FC /* LiveViewController.swift in Sources */,
				EB982AE825924FC40026B94B /* MatchCell.swift in Sources */,
				E23243C62590E49F0041C4FC /* AppDelegate.swift in Sources */,
				E2977D8225913D69001C8E16 /* MatchesViewController.swift in Sources */,
				E2977D6F25913C40001C8E16 /* PlayerViewController.swift in Sources */,
				E2977DF325918785001C8E16 /* FullscreenViewController.swift in Sources */,
				E22E4CC025922BB2009DB244 /* Orientation.swift in Sources */,
				EBBE2FBE25910FFC005290DB /* Repository.swift in Sources */,
				E2977D3B25911B37001C8E16 /* Match.swift in Sources */,
				E2977D7A25913CC3001C8E16 /* Constants.swift in Sources */,
			);
			runOnlyForDeploymentPostprocessing = 0;
		};
		E23243F02590EFCA0041C4FC /* Sources */ = {
			isa = PBXSourcesBuildPhase;
			buildActionMask = 2147483647;
			files = (
				E2977DD5259163B5001C8E16 /* UIView.swift in Sources */,
				8F58211C259128C000E190B4 /* MatchesViewController.swift in Sources */,
				8F582113259127AC00E190B4 /* ViewModel.swift in Sources */,
				E243ABD52592847200F0DEF8 /* Info.swift in Sources */,
				EB6A9F2025922453006A940B /* MatchCell.swift in Sources */,
				EBBE2FD225912EA6005290DB /* PlayerViewController.swift in Sources */,
				E23243F92590EFCA0041C4FC /* LiveViewController.swift in Sources */,
				E23243F72590EFCA0041C4FC /* AppDelegate.swift in Sources */,
				E2977DDE2591663A001C8E16 /* BorderView.swift in Sources */,
				E2977D3C25911B37001C8E16 /* Match.swift in Sources */,
				8F582116259127BB00E190B4 /* Repository.swift in Sources */,
				E2977D7B25913CC3001C8E16 /* Constants.swift in Sources */,
				E2977DCE25916323001C8E16 /* GradientView.swift in Sources */,
			);
			runOnlyForDeploymentPostprocessing = 0;
		};
/* End PBXSourcesBuildPhase section */

/* Begin PBXVariantGroup section */
		E23243CB2590E49F0041C4FC /* Main.storyboard */ = {
			isa = PBXVariantGroup;
			children = (
				E23243CC2590E49F0041C4FC /* Base */,
			);
			name = Main.storyboard;
			sourceTree = "<group>";
		};
		E23243D02590E4A00041C4FC /* LaunchScreen.storyboard */ = {
			isa = PBXVariantGroup;
			children = (
				E23243D12590E4A00041C4FC /* Base */,
			);
			name = LaunchScreen.storyboard;
			sourceTree = "<group>";
		};
		E23243FA2590EFCA0041C4FC /* Main.storyboard */ = {
			isa = PBXVariantGroup;
			children = (
				E23243FB2590EFCA0041C4FC /* Base */,
			);
			name = Main.storyboard;
			sourceTree = "<group>";
		};
		E23243FF2590EFCB0041C4FC /* LaunchScreen.storyboard */ = {
			isa = PBXVariantGroup;
			children = (
				E23244002590EFCB0041C4FC /* Base */,
			);
			name = LaunchScreen.storyboard;
			sourceTree = "<group>";
		};
/* End PBXVariantGroup section */

/* Begin XCBuildConfiguration section */
		E23243D42590E4A00041C4FC /* Debug */ = {
			isa = XCBuildConfiguration;
			buildSettings = {
				ALWAYS_SEARCH_USER_PATHS = NO;
				CLANG_ANALYZER_NONNULL = YES;
				CLANG_ANALYZER_NUMBER_OBJECT_CONVERSION = YES_AGGRESSIVE;
				CLANG_CXX_LANGUAGE_STANDARD = "gnu++14";
				CLANG_CXX_LIBRARY = "libc++";
				CLANG_ENABLE_MODULES = YES;
				CLANG_ENABLE_OBJC_ARC = YES;
				CLANG_ENABLE_OBJC_WEAK = YES;
				CLANG_WARN_BLOCK_CAPTURE_AUTORELEASING = YES;
				CLANG_WARN_BOOL_CONVERSION = YES;
				CLANG_WARN_COMMA = YES;
				CLANG_WARN_CONSTANT_CONVERSION = YES;
				CLANG_WARN_DEPRECATED_OBJC_IMPLEMENTATIONS = YES;
				CLANG_WARN_DIRECT_OBJC_ISA_USAGE = YES_ERROR;
				CLANG_WARN_DOCUMENTATION_COMMENTS = YES;
				CLANG_WARN_EMPTY_BODY = YES;
				CLANG_WARN_ENUM_CONVERSION = YES;
				CLANG_WARN_INFINITE_RECURSION = YES;
				CLANG_WARN_INT_CONVERSION = YES;
				CLANG_WARN_NON_LITERAL_NULL_CONVERSION = YES;
				CLANG_WARN_OBJC_IMPLICIT_RETAIN_SELF = YES;
				CLANG_WARN_OBJC_LITERAL_CONVERSION = YES;
				CLANG_WARN_OBJC_ROOT_CLASS = YES_ERROR;
				CLANG_WARN_QUOTED_INCLUDE_IN_FRAMEWORK_HEADER = YES;
				CLANG_WARN_RANGE_LOOP_ANALYSIS = YES;
				CLANG_WARN_STRICT_PROTOTYPES = YES;
				CLANG_WARN_SUSPICIOUS_MOVE = YES;
				CLANG_WARN_UNGUARDED_AVAILABILITY = YES_AGGRESSIVE;
				CLANG_WARN_UNREACHABLE_CODE = YES;
				CLANG_WARN__DUPLICATE_METHOD_MATCH = YES;
				COPY_PHASE_STRIP = NO;
				DEBUG_INFORMATION_FORMAT = dwarf;
				ENABLE_STRICT_OBJC_MSGSEND = YES;
				ENABLE_TESTABILITY = YES;
				GCC_C_LANGUAGE_STANDARD = gnu11;
				GCC_DYNAMIC_NO_PIC = NO;
				GCC_NO_COMMON_BLOCKS = YES;
				GCC_OPTIMIZATION_LEVEL = 0;
				GCC_PREPROCESSOR_DEFINITIONS = (
					"DEBUG=1",
					"$(inherited)",
				);
				GCC_WARN_64_TO_32_BIT_CONVERSION = YES;
				GCC_WARN_ABOUT_RETURN_TYPE = YES_ERROR;
				GCC_WARN_UNDECLARED_SELECTOR = YES;
				GCC_WARN_UNINITIALIZED_AUTOS = YES_AGGRESSIVE;
				GCC_WARN_UNUSED_FUNCTION = YES;
				GCC_WARN_UNUSED_VARIABLE = YES;
				IPHONEOS_DEPLOYMENT_TARGET = 14.2;
				MTL_ENABLE_DEBUG_INFO = INCLUDE_SOURCE;
				MTL_FAST_MATH = YES;
				ONLY_ACTIVE_ARCH = YES;
				SDKROOT = iphoneos;
				SWIFT_ACTIVE_COMPILATION_CONDITIONS = DEBUG;
				SWIFT_OPTIMIZATION_LEVEL = "-Onone";
			};
			name = Debug;
		};
		E23243D52590E4A00041C4FC /* Release */ = {
			isa = XCBuildConfiguration;
			buildSettings = {
				ALWAYS_SEARCH_USER_PATHS = NO;
				CLANG_ANALYZER_NONNULL = YES;
				CLANG_ANALYZER_NUMBER_OBJECT_CONVERSION = YES_AGGRESSIVE;
				CLANG_CXX_LANGUAGE_STANDARD = "gnu++14";
				CLANG_CXX_LIBRARY = "libc++";
				CLANG_ENABLE_MODULES = YES;
				CLANG_ENABLE_OBJC_ARC = YES;
				CLANG_ENABLE_OBJC_WEAK = YES;
				CLANG_WARN_BLOCK_CAPTURE_AUTORELEASING = YES;
				CLANG_WARN_BOOL_CONVERSION = YES;
				CLANG_WARN_COMMA = YES;
				CLANG_WARN_CONSTANT_CONVERSION = YES;
				CLANG_WARN_DEPRECATED_OBJC_IMPLEMENTATIONS = YES;
				CLANG_WARN_DIRECT_OBJC_ISA_USAGE = YES_ERROR;
				CLANG_WARN_DOCUMENTATION_COMMENTS = YES;
				CLANG_WARN_EMPTY_BODY = YES;
				CLANG_WARN_ENUM_CONVERSION = YES;
				CLANG_WARN_INFINITE_RECURSION = YES;
				CLANG_WARN_INT_CONVERSION = YES;
				CLANG_WARN_NON_LITERAL_NULL_CONVERSION = YES;
				CLANG_WARN_OBJC_IMPLICIT_RETAIN_SELF = YES;
				CLANG_WARN_OBJC_LITERAL_CONVERSION = YES;
				CLANG_WARN_OBJC_ROOT_CLASS = YES_ERROR;
				CLANG_WARN_QUOTED_INCLUDE_IN_FRAMEWORK_HEADER = YES;
				CLANG_WARN_RANGE_LOOP_ANALYSIS = YES;
				CLANG_WARN_STRICT_PROTOTYPES = YES;
				CLANG_WARN_SUSPICIOUS_MOVE = YES;
				CLANG_WARN_UNGUARDED_AVAILABILITY = YES_AGGRESSIVE;
				CLANG_WARN_UNREACHABLE_CODE = YES;
				CLANG_WARN__DUPLICATE_METHOD_MATCH = YES;
				COPY_PHASE_STRIP = NO;
				DEBUG_INFORMATION_FORMAT = "dwarf-with-dsym";
				ENABLE_NS_ASSERTIONS = NO;
				ENABLE_STRICT_OBJC_MSGSEND = YES;
				GCC_C_LANGUAGE_STANDARD = gnu11;
				GCC_NO_COMMON_BLOCKS = YES;
				GCC_WARN_64_TO_32_BIT_CONVERSION = YES;
				GCC_WARN_ABOUT_RETURN_TYPE = YES_ERROR;
				GCC_WARN_UNDECLARED_SELECTOR = YES;
				GCC_WARN_UNINITIALIZED_AUTOS = YES_AGGRESSIVE;
				GCC_WARN_UNUSED_FUNCTION = YES;
				GCC_WARN_UNUSED_VARIABLE = YES;
				IPHONEOS_DEPLOYMENT_TARGET = 14.2;
				MTL_ENABLE_DEBUG_INFO = NO;
				MTL_FAST_MATH = YES;
				SDKROOT = iphoneos;
				SWIFT_COMPILATION_MODE = wholemodule;
				SWIFT_OPTIMIZATION_LEVEL = "-O";
				VALIDATE_PRODUCT = YES;
			};
			name = Release;
		};
		E23243D72590E4A00041C4FC /* Debug */ = {
			isa = XCBuildConfiguration;
			buildSettings = {
				ASSETCATALOG_COMPILER_APPICON_NAME = AppIcon;
				ASSETCATALOG_COMPILER_GLOBAL_ACCENT_COLOR_NAME = AccentColor;
				CODE_SIGN_STYLE = Automatic;
				DEVELOPMENT_TEAM = PND684FS69;
				INFOPLIST_FILE = techday/Info.plist;
				LD_RUNPATH_SEARCH_PATHS = (
					"$(inherited)",
					"@executable_path/Frameworks",
				);
				PRODUCT_BUNDLE_IDENTIFIER = br.com.marqsan.techday;
				PRODUCT_NAME = "$(TARGET_NAME)";
				SWIFT_VERSION = 5.0;
				TARGETED_DEVICE_FAMILY = "1,2";
			};
			name = Debug;
		};
		E23243D82590E4A00041C4FC /* Release */ = {
			isa = XCBuildConfiguration;
			buildSettings = {
				ASSETCATALOG_COMPILER_APPICON_NAME = AppIcon;
				ASSETCATALOG_COMPILER_GLOBAL_ACCENT_COLOR_NAME = AccentColor;
				CODE_SIGN_STYLE = Automatic;
				DEVELOPMENT_TEAM = PND684FS69;
				INFOPLIST_FILE = techday/Info.plist;
				LD_RUNPATH_SEARCH_PATHS = (
					"$(inherited)",
					"@executable_path/Frameworks",
				);
				PRODUCT_BUNDLE_IDENTIFIER = br.com.marqsan.techday;
				PRODUCT_NAME = "$(TARGET_NAME)";
				SWIFT_VERSION = 5.0;
				TARGETED_DEVICE_FAMILY = "1,2";
			};
			name = Release;
		};
		E23244042590EFCB0041C4FC /* Debug */ = {
			isa = XCBuildConfiguration;
			buildSettings = {
				ASSETCATALOG_COMPILER_APPICON_NAME = "App Icon & Top Shelf Image";
				ASSETCATALOG_COMPILER_GLOBAL_ACCENT_COLOR_NAME = AccentColor;
				CODE_SIGN_STYLE = Automatic;
				DEVELOPMENT_TEAM = PND684FS69;
				INFOPLIST_FILE = "techday-tvOS/Info.plist";
				LD_RUNPATH_SEARCH_PATHS = (
					"$(inherited)",
					"@executable_path/Frameworks",
				);
				PRODUCT_BUNDLE_IDENTIFIER = "br.com.marqsan.techday-tvOS";
				PRODUCT_NAME = "$(TARGET_NAME)";
				SDKROOT = appletvos;
				SWIFT_VERSION = 5.0;
				TARGETED_DEVICE_FAMILY = 3;
				TVOS_DEPLOYMENT_TARGET = 14.2;
			};
			name = Debug;
		};
		E23244052590EFCB0041C4FC /* Release */ = {
			isa = XCBuildConfiguration;
			buildSettings = {
				ASSETCATALOG_COMPILER_APPICON_NAME = "App Icon & Top Shelf Image";
				ASSETCATALOG_COMPILER_GLOBAL_ACCENT_COLOR_NAME = AccentColor;
				CODE_SIGN_STYLE = Automatic;
				DEVELOPMENT_TEAM = PND684FS69;
				INFOPLIST_FILE = "techday-tvOS/Info.plist";
				LD_RUNPATH_SEARCH_PATHS = (
					"$(inherited)",
					"@executable_path/Frameworks",
				);
				PRODUCT_BUNDLE_IDENTIFIER = "br.com.marqsan.techday-tvOS";
				PRODUCT_NAME = "$(TARGET_NAME)";
				SDKROOT = appletvos;
				SWIFT_VERSION = 5.0;
				TARGETED_DEVICE_FAMILY = 3;
				TVOS_DEPLOYMENT_TARGET = 14.2;
			};
			name = Release;
		};
/* End XCBuildConfiguration section */

/* Begin XCConfigurationList section */
		E23243BD2590E49F0041C4FC /* Build configuration list for PBXProject "techday" */ = {
			isa = XCConfigurationList;
			buildConfigurations = (
				E23243D42590E4A00041C4FC /* Debug */,
				E23243D52590E4A00041C4FC /* Release */,
			);
			defaultConfigurationIsVisible = 0;
			defaultConfigurationName = Release;
		};
		E23243D62590E4A00041C4FC /* Build configuration list for PBXNativeTarget "techday" */ = {
			isa = XCConfigurationList;
			buildConfigurations = (
				E23243D72590E4A00041C4FC /* Debug */,
				E23243D82590E4A00041C4FC /* Release */,
			);
			defaultConfigurationIsVisible = 0;
			defaultConfigurationName = Release;
		};
		E23244032590EFCB0041C4FC /* Build configuration list for PBXNativeTarget "techday-tvOS" */ = {
			isa = XCConfigurationList;
			buildConfigurations = (
				E23244042590EFCB0041C4FC /* Debug */,
				E23244052590EFCB0041C4FC /* Release */,
			);
			defaultConfigurationIsVisible = 0;
			defaultConfigurationName = Release;
		};
/* End XCConfigurationList section */
	};
	rootObject = E23243BA2590E49F0041C4FC /* Project object */;
}
